
Microsoft Visual Studio Solution File, Format Version 12.00
# Visual Studio 15
VisualStudioVersion = 15.0.26430.16
MinimumVisualStudioVersion = 10.0.40219.1
Project("{FAE04EC0-301F-11D3-BF4B-00C04F79EFBC}") = "LoginWebPage", "LoginWebPage\LoginWebPage.csproj", "{B7AEEECE-1A3C-4F87-8AFD-5CE5D51BBDA3}"
EndProject
Project("{FAE04EC0-301F-11D3-BF4B-00C04F79EFBC}") = "LoginWebPage.Tests", "LoginWebPage.Tests\LoginWebPage.Tests.csproj", "{39366DD1-BDA6-436B-8BE9-BFCD96E846F2}"
EndProject
Global
	GlobalSection(SolutionConfigurationPlatforms) = preSolution
		Debug|Any CPU = Debug|Any CPU
		Release|Any CPU = Release|Any CPU
	EndGlobalSection
	GlobalSection(ProjectConfigurationPlatforms) = postSolution
		{B7AEEECE-1A3C-4F87-8AFD-5CE5D51BBDA3}.Debug|Any CPU.ActiveCfg = Debug|Any CPU
		{B7AEEECE-1A3C-4F87-8AFD-5CE5D51BBDA3}.Debug|Any CPU.Build.0 = Debug|Any CPU
		{B7AEEECE-1A3C-4F87-8AFD-5CE5D51BBDA3}.Release|Any CPU.ActiveCfg = Release|Any CPU
		{B7AEEECE-1A3C-4F87-8AFD-5CE5D51BBDA3}.Release|Any CPU.Build.0 = Release|Any CPU
		{39366DD1-BDA6-436B-8BE9-BFCD96E846F2}.Debug|Any CPU.ActiveCfg = Debug|Any CPU
		{39366DD1-BDA6-436B-8BE9-BFCD96E846F2}.Debug|Any CPU.Build.0 = Debug|Any CPU
		{39366DD1-BDA6-436B-8BE9-BFCD96E846F2}.Release|Any CPU.ActiveCfg = Release|Any CPU
		{39366DD1-BDA6-436B-8BE9-BFCD96E846F2}.Release|Any CPU.Build.0 = Release|Any CPU
	EndGlobalSection
	GlobalSection(SolutionProperties) = preSolution
		HideSolutionNode = FALSE
	EndGlobalSection
EndGlobal
